// !$*UTF8*$!
{
	archiveVersion = 1;
	classes = {
	};
	objectVersion = 50;
	objects = {

/* Begin PBXBuildFile section */
		65440D4C2396E22100D4CEC2 /* AppDelegate.swift in Sources */ = {isa = PBXBuildFile; fileRef = 65440D4B2396E22100D4CEC2 /* AppDelegate.swift */; };
		65440D4E2396E22100D4CEC2 /* ViewController.swift in Sources */ = {isa = PBXBuildFile; fileRef = 65440D4D2396E22100D4CEC2 /* ViewController.swift */; };
		65440D512396E22100D4CEC2 /* Main.storyboard in Resources */ = {isa = PBXBuildFile; fileRef = 65440D4F2396E22100D4CEC2 /* Main.storyboard */; };
		65440D542396E22100D4CEC2 /* Artistries.xcdatamodeld in Sources */ = {isa = PBXBuildFile; fileRef = 65440D522396E22100D4CEC2 /* Artistries.xcdatamodeld */; };
		65440D562396E22300D4CEC2 /* Assets.xcassets in Resources */ = {isa = PBXBuildFile; fileRef = 65440D552396E22300D4CEC2 /* Assets.xcassets */; };
		65440D592396E22300D4CEC2 /* LaunchScreen.storyboard in Resources */ = {isa = PBXBuildFile; fileRef = 65440D572396E22300D4CEC2 /* LaunchScreen.storyboard */; };
		65440D642396E22300D4CEC2 /* ArtistriesTests.swift in Sources */ = {isa = PBXBuildFile; fileRef = 65440D632396E22300D4CEC2 /* ArtistriesTests.swift */; };
		65440D6F2396E22300D4CEC2 /* ArtistriesUITests.swift in Sources */ = {isa = PBXBuildFile; fileRef = 65440D6E2396E22300D4CEC2 /* ArtistriesUITests.swift */; };
/* End PBXBuildFile section */

/* Begin PBXContainerItemProxy section */
		65440D602396E22300D4CEC2 /* PBXContainerItemProxy */ = {
			isa = PBXContainerItemProxy;
			containerPortal = 65440D402396E22100D4CEC2 /* Project object */;
			proxyType = 1;
			remoteGlobalIDString = 65440D472396E22100D4CEC2;
			remoteInfo = Artistries;
		};
		65440D6B2396E22300D4CEC2 /* PBXContainerItemProxy */ = {
			isa = PBXContainerItemProxy;
			containerPortal = 65440D402396E22100D4CEC2 /* Project object */;
			proxyType = 1;
			remoteGlobalIDString = 65440D472396E22100D4CEC2;
			remoteInfo = Artistries;
		};
/* End PBXContainerItemProxy section */

/* Begin PBXFileReference section */
		65440D482396E22100D4CEC2 /* Artistries.app */ = {isa = PBXFileReference; explicitFileType = wrapper.application; includeInIndex = 0; path = Artistries.app; sourceTree = BUILT_PRODUCTS_DIR; };
		65440D4B2396E22100D4CEC2 /* AppDelegate.swift */ = {isa = PBXFileReference; lastKnownFileType = sourcecode.swift; path = AppDelegate.swift; sourceTree = "<group>"; };
		65440D4D2396E22100D4CEC2 /* ViewController.swift */ = {isa = PBXFileReference; lastKnownFileType = sourcecode.swift; path = ViewController.swift; sourceTree = "<group>"; };
		65440D502396E22100D4CEC2 /* Base */ = {isa = PBXFileReference; lastKnownFileType = file.storyboard; name = Base; path = Base.lproj/Main.storyboard; sourceTree = "<group>"; };
		65440D532396E22100D4CEC2 /* Artistries.xcdatamodel */ = {isa = PBXFileReference; lastKnownFileType = wrapper.xcdatamodel; path = Artistries.xcdatamodel; sourceTree = "<group>"; };
		65440D552396E22300D4CEC2 /* Assets.xcassets */ = {isa = PBXFileReference; lastKnownFileType = folder.assetcatalog; path = Assets.xcassets; sourceTree = "<group>"; };
		65440D582396E22300D4CEC2 /* Base */ = {isa = PBXFileReference; lastKnownFileType = file.storyboard; name = Base; path = Base.lproj/LaunchScreen.storyboard; sourceTree = "<group>"; };
		65440D5A2396E22300D4CEC2 /* Info.plist */ = {isa = PBXFileReference; lastKnownFileType = text.plist.xml; path = Info.plist; sourceTree = "<group>"; };
		65440D5F2396E22300D4CEC2 /* ArtistriesTests.xctest */ = {isa = PBXFileReference; explicitFileType = wrapper.cfbundle; includeInIndex = 0; path = ArtistriesTests.xctest; sourceTree = BUILT_PRODUCTS_DIR; };
		65440D632396E22300D4CEC2 /* ArtistriesTests.swift */ = {isa = PBXFileReference; lastKnownFileType = sourcecode.swift; path = ArtistriesTests.swift; sourceTree = "<group>"; };
		65440D652396E22300D4CEC2 /* Info.plist */ = {isa = PBXFileReference; lastKnownFileType = text.plist.xml; path = Info.plist; sourceTree = "<group>"; };
		65440D6A2396E22300D4CEC2 /* ArtistriesUITests.xctest */ = {isa = PBXFileReference; explicitFileType = wrapper.cfbundle; includeInIndex = 0; path = ArtistriesUITests.xctest; sourceTree = BUILT_PRODUCTS_DIR; };
		65440D6E2396E22300D4CEC2 /* ArtistriesUITests.swift */ = {isa = PBXFileReference; lastKnownFileType = sourcecode.swift; path = ArtistriesUITests.swift; sourceTree = "<group>"; };
		65440D702396E22300D4CEC2 /* Info.plist */ = {isa = PBXFileReference; lastKnownFileType = text.plist.xml; path = Info.plist; sourceTree = "<group>"; };
/* End PBXFileReference section */

/* Begin PBXFrameworksBuildPhase section */
		65440D452396E22100D4CEC2 /* Frameworks */ = {
			isa = PBXFrameworksBuildPhase;
			buildActionMask = 2147483647;
			files = (
			);
			runOnlyForDeploymentPostprocessing = 0;
		};
		65440D5C2396E22300D4CEC2 /* Frameworks */ = {
			isa = PBXFrameworksBuildPhase;
			buildActionMask = 2147483647;
			files = (
			);
			runOnlyForDeploymentPostprocessing = 0;
		};
		65440D672396E22300D4CEC2 /* Frameworks */ = {
			isa = PBXFrameworksBuildPhase;
			buildActionMask = 2147483647;
			files = (
			);
			runOnlyForDeploymentPostprocessing = 0;
		};
/* End PBXFrameworksBuildPhase section */

/* Begin PBXGroup section */
		65440D3F2396E22100D4CEC2 = {
			isa = PBXGroup;
			children = (
				65440D4A2396E22100D4CEC2 /* Artistries */,
				65440D622396E22300D4CEC2 /* ArtistriesTests */,
				65440D6D2396E22300D4CEC2 /* ArtistriesUITests */,
				65440D492396E22100D4CEC2 /* Products */,
			);
			sourceTree = "<group>";
		};
		65440D492396E22100D4CEC2 /* Products */ = {
			isa = PBXGroup;
			children = (
				65440D482396E22100D4CEC2 /* Artistries.app */,
				65440D5F2396E22300D4CEC2 /* ArtistriesTests.xctest */,
				65440D6A2396E22300D4CEC2 /* ArtistriesUITests.xctest */,
			);
			name = Products;
			sourceTree = "<group>";
		};
		65440D4A2396E22100D4CEC2 /* Artistries */ = {
			isa = PBXGroup;
			children = (
				65440D4B2396E22100D4CEC2 /* AppDelegate.swift */,
				65440D4D2396E22100D4CEC2 /* ViewController.swift */,
				65440D4F2396E22100D4CEC2 /* Main.storyboard */,
				65440D552396E22300D4CEC2 /* Assets.xcassets */,
				65440D572396E22300D4CEC2 /* LaunchScreen.storyboard */,
				65440D5A2396E22300D4CEC2 /* Info.plist */,
				65440D522396E22100D4CEC2 /* Artistries.xcdatamodeld */,
			);
			path = Artistries;
			sourceTree = "<group>";
		};
		65440D622396E22300D4CEC2 /* ArtistriesTests */ = {
			isa = PBXGroup;
			children = (
				65440D632396E22300D4CEC2 /* ArtistriesTests.swift */,
				65440D652396E22300D4CEC2 /* Info.plist */,
			);
			path = ArtistriesTests;
			sourceTree = "<group>";
		};
		65440D6D2396E22300D4CEC2 /* ArtistriesUITests */ = {
			isa = PBXGroup;
			children = (
				65440D6E2396E22300D4CEC2 /* ArtistriesUITests.swift */,
				65440D702396E22300D4CEC2 /* Info.plist */,
			);
			path = ArtistriesUITests;
			sourceTree = "<group>";
		};
/* End PBXGroup section */

/* Begin PBXNativeTarget section */
		65440D472396E22100D4CEC2 /* Artistries */ = {
			isa = PBXNativeTarget;
			buildConfigurationList = 65440D732396E22300D4CEC2 /* Build configuration list for PBXNativeTarget "Artistries" */;
			buildPhases = (
				65440D442396E22100D4CEC2 /* Sources */,
				65440D452396E22100D4CEC2 /* Frameworks */,
				65440D462396E22100D4CEC2 /* Resources */,
			);
			buildRules = (
			);
			dependencies = (
			);
			name = Artistries;
			productName = Artistries;
			productReference = 65440D482396E22100D4CEC2 /* Artistries.app */;
			productType = "com.apple.product-type.application";
		};
		65440D5E2396E22300D4CEC2 /* ArtistriesTests */ = {
			isa = PBXNativeTarget;
			buildConfigurationList = 65440D762396E22300D4CEC2 /* Build configuration list for PBXNativeTarget "ArtistriesTests" */;
			buildPhases = (
				65440D5B2396E22300D4CEC2 /* Sources */,
				65440D5C2396E22300D4CEC2 /* Frameworks */,
				65440D5D2396E22300D4CEC2 /* Resources */,
			);
			buildRules = (
			);
			dependencies = (
				65440D612396E22300D4CEC2 /* PBXTargetDependency */,
			);
			name = ArtistriesTests;
			productName = ArtistriesTests;
			productReference = 65440D5F2396E22300D4CEC2 /* ArtistriesTests.xctest */;
			productType = "com.apple.product-type.bundle.unit-test";
		};
		65440D692396E22300D4CEC2 /* ArtistriesUITests */ = {
			isa = PBXNativeTarget;
			buildConfigurationList = 65440D792396E22300D4CEC2 /* Build configuration list for PBXNativeTarget "ArtistriesUITests" */;
			buildPhases = (
				65440D662396E22300D4CEC2 /* Sources */,
				65440D672396E22300D4CEC2 /* Frameworks */,
				65440D682396E22300D4CEC2 /* Resources */,
			);
			buildRules = (
			);
			dependencies = (
				65440D6C2396E22300D4CEC2 /* PBXTargetDependency */,
			);
			name = ArtistriesUITests;
			productName = ArtistriesUITests;
			productReference = 65440D6A2396E22300D4CEC2 /* ArtistriesUITests.xctest */;
			productType = "com.apple.product-type.bundle.ui-testing";
		};
/* End PBXNativeTarget section */

/* Begin PBXProject section */
		65440D402396E22100D4CEC2 /* Project object */ = {
			isa = PBXProject;
			attributes = {
				LastSwiftUpdateCheck = 1030;
				LastUpgradeCheck = 1030;
				ORGANIZATIONNAME = "Juan Moreno";
				TargetAttributes = {
					65440D472396E22100D4CEC2 = {
						CreatedOnToolsVersion = 10.3;
					};
					65440D5E2396E22300D4CEC2 = {
						CreatedOnToolsVersion = 10.3;
						TestTargetID = 65440D472396E22100D4CEC2;
					};
					65440D692396E22300D4CEC2 = {
						CreatedOnToolsVersion = 10.3;
						TestTargetID = 65440D472396E22100D4CEC2;
					};
				};
			};
			buildConfigurationList = 65440D432396E22100D4CEC2 /* Build configuration list for PBXProject "Artistries" */;
			compatibilityVersion = "Xcode 9.3";
			developmentRegion = en;
			hasScannedForEncodings = 0;
			knownRegions = (
				en,
				Base,
			);
			mainGroup = 65440D3F2396E22100D4CEC2;
			productRefGroup = 65440D492396E22100D4CEC2 /* Products */;
			projectDirPath = "";
			projectRoot = "";
			targets = (
				65440D472396E22100D4CEC2 /* Artistries */,
				65440D5E2396E22300D4CEC2 /* ArtistriesTests */,
				65440D692396E22300D4CEC2 /* ArtistriesUITests */,
			);
		};
/* End PBXProject section */

/* Begin PBXResourcesBuildPhase section */
		65440D462396E22100D4CEC2 /* Resources */ = {
			isa = PBXResourcesBuildPhase;
			buildActionMask = 2147483647;
			files = (
				65440D592396E22300D4CEC2 /* LaunchScreen.storyboard in Resources */,
				65440D562396E22300D4CEC2 /* Assets.xcassets in Resources */,
				65440D512396E22100D4CEC2 /* Main.storyboard in Resources */,
			);
			runOnlyForDeploymentPostprocessing = 0;
		};
		65440D5D2396E22300D4CEC2 /* Resources */ = {
			isa = PBXResourcesBuildPhase;
			buildActionMask = 2147483647;
			files = (
			);
			runOnlyForDeploymentPostprocessing = 0;
		};
		65440D682396E22300D4CEC2 /* Resources */ = {
			isa = PBXResourcesBuildPhase;
			buildActionMask = 2147483647;
			files = (
			);
			runOnlyForDeploymentPostprocessing = 0;
		};
/* End PBXResourcesBuildPhase section */

/* Begin PBXSourcesBuildPhase section */
		65440D442396E22100D4CEC2 /* Sources */ = {
			isa = PBXSourcesBuildPhase;
			buildActionMask = 2147483647;
			files = (
				65440D4E2396E22100D4CEC2 /* ViewController.swift in Sources */,
				65440D4C2396E22100D4CEC2 /* AppDelegate.swift in Sources */,
				65440D542396E22100D4CEC2 /* Artistries.xcdatamodeld in Sources */,
			);
			runOnlyForDeploymentPostprocessing = 0;
		};
		65440D5B2396E22300D4CEC2 /* Sources */ = {
			isa = PBXSourcesBuildPhase;
			buildActionMask = 2147483647;
			files = (
				65440D642396E22300D4CEC2 /* ArtistriesTests.swift in Sources */,
			);
			runOnlyForDeploymentPostprocessing = 0;
		};
		65440D662396E22300D4CEC2 /* Sources */ = {
			isa = PBXSourcesBuildPhase;
			buildActionMask = 2147483647;
			files = (
				65440D6F2396E22300D4CEC2 /* ArtistriesUITests.swift in Sources */,
			);
			runOnlyForDeploymentPostprocessing = 0;
		};
/* End PBXSourcesBuildPhase section */

/* Begin PBXTargetDependency section */
		65440D612396E22300D4CEC2 /* PBXTargetDependency */ = {
			isa = PBXTargetDependency;
			target = 65440D472396E22100D4CEC2 /* Artistries */;
			targetProxy = 65440D602396E22300D4CEC2 /* PBXContainerItemProxy */;
		};
		65440D6C2396E22300D4CEC2 /* PBXTargetDependency */ = {
			isa = PBXTargetDependency;
			target = 65440D472396E22100D4CEC2 /* Artistries */;
			targetProxy = 65440D6B2396E22300D4CEC2 /* PBXContainerItemProxy */;
		};
/* End PBXTargetDependency section */

/* Begin PBXVariantGroup section */
		65440D4F2396E22100D4CEC2 /* Main.storyboard */ = {
			isa = PBXVariantGroup;
			children = (
				65440D502396E22100D4CEC2 /* Base */,
			);
			name = Main.storyboard;
			sourceTree = "<group>";
		};
		65440D572396E22300D4CEC2 /* LaunchScreen.storyboard */ = {
			isa = PBXVariantGroup;
			children = (
				65440D582396E22300D4CEC2 /* Base */,
			);
			name = LaunchScreen.storyboard;
			sourceTree = "<group>";
		};
/* End PBXVariantGroup section */

/* Begin XCBuildConfiguration section */
		65440D712396E22300D4CEC2 /* Debug */ = {
			isa = XCBuildConfiguration;
			buildSettings = {
				ALWAYS_SEARCH_USER_PATHS = NO;
				CLANG_ANALYZER_NONNULL = YES;
				CLANG_ANALYZER_NUMBER_OBJECT_CONVERSION = YES_AGGRESSIVE;
				CLANG_CXX_LANGUAGE_STANDARD = "gnu++14";
				CLANG_CXX_LIBRARY = "libc++";
				CLANG_ENABLE_MODULES = YES;
				CLANG_ENABLE_OBJC_ARC = YES;
				CLANG_ENABLE_OBJC_WEAK = YES;
				CLANG_WARN_BLOCK_CAPTURE_AUTORELEASING = YES;
				CLANG_WARN_BOOL_CONVERSION = YES;
				CLANG_WARN_COMMA = YES;
				CLANG_WARN_CONSTANT_CONVERSION = YES;
				CLANG_WARN_DEPRECATED_OBJC_IMPLEMENTATIONS = YES;
				CLANG_WARN_DIRECT_OBJC_ISA_USAGE = YES_ERROR;
				CLANG_WARN_DOCUMENTATION_COMMENTS = YES;
				CLANG_WARN_EMPTY_BODY = YES;
				CLANG_WARN_ENUM_CONVERSION = YES;
				CLANG_WARN_INFINITE_RECURSION = YES;
				CLANG_WARN_INT_CONVERSION = YES;
				CLANG_WARN_NON_LITERAL_NULL_CONVERSION = YES;
				CLANG_WARN_OBJC_IMPLICIT_RETAIN_SELF = YES;
				CLANG_WARN_OBJC_LITERAL_CONVERSION = YES;
				CLANG_WARN_OBJC_ROOT_CLASS = YES_ERROR;
				CLANG_WARN_RANGE_LOOP_ANALYSIS = YES;
				CLANG_WARN_STRICT_PROTOTYPES = YES;
				CLANG_WARN_SUSPICIOUS_MOVE = YES;
				CLANG_WARN_UNGUARDED_AVAILABILITY = YES_AGGRESSIVE;
				CLANG_WARN_UNREACHABLE_CODE = YES;
				CLANG_WARN__DUPLICATE_METHOD_MATCH = YES;
				CODE_SIGN_IDENTITY = "iPhone Developer";
				COPY_PHASE_STRIP = NO;
				DEBUG_INFORMATION_FORMAT = dwarf;
				ENABLE_STRICT_OBJC_MSGSEND = YES;
				ENABLE_TESTABILITY = YES;
				GCC_C_LANGUAGE_STANDARD = gnu11;
				GCC_DYNAMIC_NO_PIC = NO;
				GCC_NO_COMMON_BLOCKS = YES;
				GCC_OPTIMIZATION_LEVEL = 0;
				GCC_PREPROCESSOR_DEFINITIONS = (
					"DEBUG=1",
					"$(inherited)",
				);
				GCC_WARN_64_TO_32_BIT_CONVERSION = YES;
				GCC_WARN_ABOUT_RETURN_TYPE = YES_ERROR;
				GCC_WARN_UNDECLARED_SELECTOR = YES;
				GCC_WARN_UNINITIALIZED_AUTOS = YES_AGGRESSIVE;
				GCC_WARN_UNUSED_FUNCTION = YES;
				GCC_WARN_UNUSED_VARIABLE = YES;
				IPHONEOS_DEPLOYMENT_TARGET = 12.4;
				MTL_ENABLE_DEBUG_INFO = INCLUDE_SOURCE;
				MTL_FAST_MATH = YES;
				ONLY_ACTIVE_ARCH = YES;
				SDKROOT = iphoneos;
				SWIFT_ACTIVE_COMPILATION_CONDITIONS = DEBUG;
				SWIFT_OPTIMIZATION_LEVEL = "-Onone";
			};
			name = Debug;
		};
		65440D722396E22300D4CEC2 /* Release */ = {
			isa = XCBuildConfiguration;
			buildSettings = {
				ALWAYS_SEARCH_USER_PATHS = NO;
				CLANG_ANALYZER_NONNULL = YES;
				CLANG_ANALYZER_NUMBER_OBJECT_CONVERSION = YES_AGGRESSIVE;
				CLANG_CXX_LANGUAGE_STANDARD = "gnu++14";
				CLANG_CXX_LIBRARY = "libc++";
				CLANG_ENABLE_MODULES = YES;
				CLANG_ENABLE_OBJC_ARC = YES;
				CLANG_ENABLE_OBJC_WEAK = YES;
				CLANG_WARN_BLOCK_CAPTURE_AUTORELEASING = YES;
				CLANG_WARN_BOOL_CONVERSION = YES;
				CLANG_WARN_COMMA = YES;
				CLANG_WARN_CONSTANT_CONVERSION = YES;
				CLANG_WARN_DEPRECATED_OBJC_IMPLEMENTATIONS = YES;
				CLANG_WARN_DIRECT_OBJC_ISA_USAGE = YES_ERROR;
				CLANG_WARN_DOCUMENTATION_COMMENTS = YES;
				CLANG_WARN_EMPTY_BODY = YES;
				CLANG_WARN_ENUM_CONVERSION = YES;
				CLANG_WARN_INFINITE_RECURSION = YES;
				CLANG_WARN_INT_CONVERSION = YES;
				CLANG_WARN_NON_LITERAL_NULL_CONVERSION = YES;
				CLANG_WARN_OBJC_IMPLICIT_RETAIN_SELF = YES;
				CLANG_WARN_OBJC_LITERAL_CONVERSION = YES;
				CLANG_WARN_OBJC_ROOT_CLASS = YES_ERROR;
				CLANG_WARN_RANGE_LOOP_ANALYSIS = YES;
				CLANG_WARN_STRICT_PROTOTYPES = YES;
				CLANG_WARN_SUSPICIOUS_MOVE = YES;
				CLANG_WARN_UNGUARDED_AVAILABILITY = YES_AGGRESSIVE;
				CLANG_WARN_UNREACHABLE_CODE = YES;
				CLANG_WARN__DUPLICATE_METHOD_MATCH = YES;
				CODE_SIGN_IDENTITY = "iPhone Developer";
				COPY_PHASE_STRIP = NO;
				DEBUG_INFORMATION_FORMAT = "dwarf-with-dsym";
				ENABLE_NS_ASSERTIONS = NO;
				ENABLE_STRICT_OBJC_MSGSEND = YES;
				GCC_C_LANGUAGE_STANDARD = gnu11;
				GCC_NO_COMMON_BLOCKS = YES;
				GCC_WARN_64_TO_32_BIT_CONVERSION = YES;
				GCC_WARN_ABOUT_RETURN_TYPE = YES_ERROR;
				GCC_WARN_UNDECLARED_SELECTOR = YES;
				GCC_WARN_UNINITIALIZED_AUTOS = YES_AGGRESSIVE;
				GCC_WARN_UNUSED_FUNCTION = YES;
				GCC_WARN_UNUSED_VARIABLE = YES;
				IPHONEOS_DEPLOYMENT_TARGET = 12.4;
				MTL_ENABLE_DEBUG_INFO = NO;
				MTL_FAST_MATH = YES;
				SDKROOT = iphoneos;
				SWIFT_COMPILATION_MODE = wholemodule;
				SWIFT_OPTIMIZATION_LEVEL = "-O";
				VALIDATE_PRODUCT = YES;
			};
			name = Release;
		};
		65440D742396E22300D4CEC2 /* Debug */ = {
			isa = XCBuildConfiguration;
			buildSettings = {
				ASSETCATALOG_COMPILER_APPICON_NAME = AppIcon;
				CODE_SIGN_STYLE = Automatic;
				DEVELOPMENT_TEAM = 5766G78FC9;
				INFOPLIST_FILE = Artistries/Info.plist;
				LD_RUNPATH_SEARCH_PATHS = (
					"$(inherited)",
					"@executable_path/Frameworks",
				);
				PRODUCT_BUNDLE_IDENTIFIER = sevmoreno.com.Artistries;
				PRODUCT_NAME = "$(TARGET_NAME)";
				SWIFT_VERSION = 5.0;
				TARGETED_DEVICE_FAMILY = "1,2";
			};
			name = Debug;
		};
		65440D752396E22300D4CEC2 /* Release */ = {
			isa = XCBuildConfiguration;
			buildSettings = {
				ASSETCATALOG_COMPILER_APPICON_NAME = AppIcon;
				CODE_SIGN_STYLE = Automatic;
				DEVELOPMENT_TEAM = 5766G78FC9;
				INFOPLIST_FILE = Artistries/Info.plist;
				LD_RUNPATH_SEARCH_PATHS = (
					"$(inherited)",
					"@executable_path/Frameworks",
				);
				PRODUCT_BUNDLE_IDENTIFIER = sevmoreno.com.Artistries;
				PRODUCT_NAME = "$(TARGET_NAME)";
				SWIFT_VERSION = 5.0;
				TARGETED_DEVICE_FAMILY = "1,2";
			};
			name = Release;
		};
		65440D772396E22300D4CEC2 /* Debug */ = {
			isa = XCBuildConfiguration;
			buildSettings = {
				ALWAYS_EMBED_SWIFT_STANDARD_LIBRARIES = YES;
				BUNDLE_LOADER = "$(TEST_HOST)";
				CODE_SIGN_STYLE = Automatic;
				DEVELOPMENT_TEAM = 5766G78FC9;
				INFOPLIST_FILE = ArtistriesTests/Info.plist;
				LD_RUNPATH_SEARCH_PATHS = (
					"$(inherited)",
					"@executable_path/Frameworks",
					"@loader_path/Frameworks",
				);
				PRODUCT_BUNDLE_IDENTIFIER = sevmoreno.com.ArtistriesTests;
				PRODUCT_NAME = "$(TARGET_NAME)";
				SWIFT_VERSION = 5.0;
				TARGETED_DEVICE_FAMILY = "1,2";
				TEST_HOST = "$(BUILT_PRODUCTS_DIR)/Artistries.app/Artistries";
			};
			name = Debug;
		};
		65440D782396E22300D4CEC2 /* Release */ = {
			isa = XCBuildConfiguration;
			buildSettings = {
				ALWAYS_EMBED_SWIFT_STANDARD_LIBRARIES = YES;
				BUNDLE_LOADER = "$(TEST_HOST)";
				CODE_SIGN_STYLE = Automatic;
				DEVELOPMENT_TEAM = 5766G78FC9;
				INFOPLIST_FILE = ArtistriesTests/Info.plist;
				LD_RUNPATH_SEARCH_PATHS = (
					"$(inherited)",
					"@executable_path/Frameworks",
					"@loader_path/Frameworks",
				);
				PRODUCT_BUNDLE_IDENTIFIER = sevmoreno.com.ArtistriesTests;
				PRODUCT_NAME = "$(TARGET_NAME)";
				SWIFT_VERSION = 5.0;
				TARGETED_DEVICE_FAMILY = "1,2";
				TEST_HOST = "$(BUILT_PRODUCTS_DIR)/Artistries.app/Artistries";
			};
			name = Release;
		};
		65440D7A2396E22300D4CEC2 /* Debug */ = {
			isa = XCBuildConfiguration;
			buildSettings = {
				ALWAYS_EMBED_SWIFT_STANDARD_LIBRARIES = YES;
				CODE_SIGN_STYLE = Automatic;
				DEVELOPMENT_TEAM = 5766G78FC9;
				INFOPLIST_FILE = ArtistriesUITests/Info.plist;
				LD_RUNPATH_SEARCH_PATHS = (
					"$(inherited)",
					"@executable_path/Frameworks",
					"@loader_path/Frameworks",
				);
				PRODUCT_BUNDLE_IDENTIFIER = sevmoreno.com.ArtistriesUITests;
				PRODUCT_NAME = "$(TARGET_NAME)";
				SWIFT_VERSION = 5.0;
				TARGETED_DEVICE_FAMILY = "1,2";
				TEST_TARGET_NAME = Artistries;
			};
			name = Debug;
		};
		65440D7B2396E22300D4CEC2 /* Release */ = {
			isa = XCBuildConfiguration;
			buildSettings = {
				ALWAYS_EMBED_SWIFT_STANDARD_LIBRARIES = YES;
				CODE_SIGN_STYLE = Automatic;
				DEVELOPMENT_TEAM = 5766G78FC9;
				INFOPLIST_FILE = ArtistriesUITests/Info.plist;
				LD_RUNPATH_SEARCH_PATHS = (
					"$(inherited)",
					"@executable_path/Frameworks",
					"@loader_path/Frameworks",
				);
				PRODUCT_BUNDLE_IDENTIFIER = sevmoreno.com.ArtistriesUITests;
				PRODUCT_NAME = "$(TARGET_NAME)";
				SWIFT_VERSION = 5.0;
				TARGETED_DEVICE_FAMILY = "1,2";
				TEST_TARGET_NAME = Artistries;
			};
			name = Release;
		};
/* End XCBuildConfiguration section */

/* Begin XCConfigurationList section */
		65440D432396E22100D4CEC2 /* Build configuration list for PBXProject "Artistries" */ = {
			isa = XCConfigurationList;
			buildConfigurations = (
				65440D712396E22300D4CEC2 /* Debug */,
				65440D722396E22300D4CEC2 /* Release */,
			);
			defaultConfigurationIsVisible = 0;
			defaultConfigurationName = Release;
		};
		65440D732396E22300D4CEC2 /* Build configuration list for PBXNativeTarget "Artistries" */ = {
			isa = XCConfigurationList;
			buildConfigurations = (
				65440D742396E22300D4CEC2 /* Debug */,
				65440D752396E22300D4CEC2 /* Release */,
			);
			defaultConfigurationIsVisible = 0;
			defaultConfigurationName = Release;
		};
		65440D762396E22300D4CEC2 /* Build configuration list for PBXNativeTarget "ArtistriesTests" */ = {
			isa = XCConfigurationList;
			buildConfigurations = (
				65440D772396E22300D4CEC2 /* Debug */,
				65440D782396E22300D4CEC2 /* Release */,
			);
			defaultConfigurationIsVisible = 0;
			defaultConfigurationName = Release;
		};
		65440D792396E22300D4CEC2 /* Build configuration list for PBXNativeTarget "ArtistriesUITests" */ = {
			isa = XCConfigurationList;
			buildConfigurations = (
				65440D7A2396E22300D4CEC2 /* Debug */,
				65440D7B2396E22300D4CEC2 /* Release */,
			);
			defaultConfigurationIsVisible = 0;
			defaultConfigurationName = Release;
		};
/* End XCConfigurationList section */

/* Begin XCVersionGroup section */
		65440D522396E22100D4CEC2 /* Artistries.xcdatamodeld */ = {
			isa = XCVersionGroup;
			children = (
				65440D532396E22100D4CEC2 /* Artistries.xcdatamodel */,
			);
			currentVersion = 65440D532396E22100D4CEC2 /* Artistries.xcdatamodel */;
			path = Artistries.xcdatamodeld;
			sourceTree = "<group>";
			versionGroupType = wrapper.xcdatamodel;
		};
/* End XCVersionGroup section */
	};
	rootObject = 65440D402396E22100D4CEC2 /* Project object */;
}
